
Microsoft Visual Studio Solution File, Format Version 12.00
# Visual Studio Version 17
VisualStudioVersion = 17.5.002.0
MinimumVisualStudioVersion = 10.0.40219.1
Project("{9A19103F-16F7-4668-BE54-9A1E7A4F7556}") = "PlatformService", "PlatformService.csproj", "{A5971E9B-F6BD-44F7-A41A-EB7C7A78AE45}"
EndProject
Global
	GlobalSection(SolutionConfigurationPlatforms) = preSolution
		Debug|Any CPU = Debug|Any CPU
		Release|Any CPU = Release|Any CPU
	EndGlobalSection
	GlobalSection(ProjectConfigurationPlatforms) = postSolution
		{A5971E9B-F6BD-44F7-A41A-EB7C7A78AE45}.Debug|Any CPU.ActiveCfg = Debug|Any CPU
		{A5971E9B-F6BD-44F7-A41A-EB7C7A78AE45}.Debug|Any CPU.Build.0 = Debug|Any CPU
		{A5971E9B-F6BD-44F7-A41A-EB7C7A78AE45}.Release|Any CPU.ActiveCfg = Release|Any CPU
		{A5971E9B-F6BD-44F7-A41A-EB7C7A78AE45}.Release|Any CPU.Build.0 = Release|Any CPU
	EndGlobalSection
	GlobalSection(SolutionProperties) = preSolution
		HideSolutionNode = FALSE
	EndGlobalSection
	GlobalSection(ExtensibilityGlobals) = postSolution
		SolutionGuid = {852D31B6-DBCD-4806-AC47-9296E4D04D1A}
	EndGlobalSection
EndGlobal
